speakeasyVersion: 1.513.4
sources:
    GustoEmbedded-OAS:
        sourceNamespace: gusto-embedded-oas
        sourceRevisionDigest: sha256:7e99c9fb169b09139d884f1cda0d907e8f3c4c23e547aca8a0d7bae8895499a8
        sourceBlobDigest: sha256:a0a2e5372c50f47f539a090c0117bcb66509149bb8da617ceb2c50f842ea88ff
        tags:
            - latest
            - speakeasy-sdk-regen-1749256202
            - "2024-04-01"
targets:
    gusto-embedded:
        source: GustoEmbedded-OAS
        sourceNamespace: gusto-embedded-oas
        sourceRevisionDigest: sha256:7e99c9fb169b09139d884f1cda0d907e8f3c4c23e547aca8a0d7bae8895499a8
        sourceBlobDigest: sha256:a0a2e5372c50f47f539a090c0117bcb66509149bb8da617ceb2c50f842ea88ff
        codeSamplesNamespace: gusto-embedded-oas-code-samples
        codeSamplesRevisionDigest: sha256:29ddca9e20256ccfa35a8c960ec5f599a73ce63ef4b57f0b65623e17fd912ce5
workflow:
    workflowVersion: 1.0.0
    speakeasyVersion: 1.513.4
    sources:
        GustoEmbedded-OAS:
            inputs:
                - location: https://raw.githubusercontent.com/Gusto/Gusto-Partner-API/refs/heads/main/generated/embedded/api.v2024-04-01.embedded.yaml
                  authHeader: Authorization
                  authSecret: $openapi_doc_auth_token
            overlays:
                - location: https://raw.githubusercontent.com/Gusto/Gusto-Partner-API/refs/heads/main/.speakeasy/speakeasy-modifications-overlay.yaml
                  authHeader: Authorization
                  authSecret: $openapi_doc_auth_token
            registry:
                location: registry.speakeasyapi.dev/gusto/ruby-sdk/gusto-embedded-oas
    targets:
        gusto-embedded:
            target: ruby
            source: GustoEmbedded-OAS
            output: ./gusto_embedded
            publish:
                rubygems:
                    token: $rubygems_auth_token
            codeSamples:
                registry:
                    location: registry.speakeasyapi.dev/gusto/ruby-sdk/gusto-embedded-oas-code-samples
                labelOverride:
                    fixedValue: Ruby (SDK)
                blocking: false
