speakeasyVersion: 1.513.4
sources:
    GustoEmbedded-OAS:
        sourceNamespace: gusto-embedded-oas
        sourceRevisionDigest: sha256:6e4d2b6a9bf9dcfb7510baf03ea300d5a3b45983624e675bcfa580bc54ed6f5d
        sourceBlobDigest: sha256:58bac3b0a66b3771214f68c2c08660af8b65c369f4f599bbde1323d94f240b52
        tags:
            - latest
            - speakeasy-sdk-regen-1747787414
            - "2024-04-01"
targets:
    gusto-embedded:
        source: GustoEmbedded-OAS
        sourceNamespace: gusto-embedded-oas
        sourceRevisionDigest: sha256:6e4d2b6a9bf9dcfb7510baf03ea300d5a3b45983624e675bcfa580bc54ed6f5d
        sourceBlobDigest: sha256:58bac3b0a66b3771214f68c2c08660af8b65c369f4f599bbde1323d94f240b52
        codeSamplesNamespace: gusto-embedded-oas-code-samples
        codeSamplesRevisionDigest: sha256:108265bac6f87581fb9c74b8c541d958cd1ee4cc8bb14af1060518f9ba16640d
workflow:
    workflowVersion: 1.0.0
    speakeasyVersion: 1.513.4
    sources:
        GustoEmbedded-OAS:
            inputs:
                - location: https://raw.githubusercontent.com/Gusto/Gusto-Partner-API/refs/heads/main/generated/embedded/api.v2024-04-01.embedded.yaml
                  authHeader: Authorization
                  authSecret: $openapi_doc_auth_token
            overlays:
                - location: https://raw.githubusercontent.com/Gusto/Gusto-Partner-API/refs/heads/main/.speakeasy/speakeasy-modifications-overlay.yaml
                  authHeader: Authorization
                  authSecret: $openapi_doc_auth_token
            registry:
                location: registry.speakeasyapi.dev/gusto/ruby-sdk/gusto-embedded-oas
    targets:
        gusto-embedded:
            target: ruby
            source: GustoEmbedded-OAS
            output: ./gusto_embedded
            publish:
                rubygems:
                    token: $rubygems_auth_token
            codeSamples:
                registry:
                    location: registry.speakeasyapi.dev/gusto/ruby-sdk/gusto-embedded-oas-code-samples
                labelOverride:
                    fixedValue: Ruby (SDK)
                blocking: false
