speakeasyVersion: 1.513.4
sources:
    GustoEmbedded-OAS:
        sourceNamespace: gusto-embedded-oas
        sourceRevisionDigest: sha256:19a31943d1790e744f1bcffc6a9a94de7afa0743993ca6c176bdbdfb2154096f
        sourceBlobDigest: sha256:b9686de983bf329f1a96f3eb9d7a6d7aa5bf5718b0b48c38ebeb16529726a1c1
        tags:
            - latest
            - speakeasy-sdk-regen-1747441746
            - "2024-04-01"
targets:
    gusto-embedded:
        source: GustoEmbedded-OAS
        sourceNamespace: gusto-embedded-oas
        sourceRevisionDigest: sha256:19a31943d1790e744f1bcffc6a9a94de7afa0743993ca6c176bdbdfb2154096f
        sourceBlobDigest: sha256:b9686de983bf329f1a96f3eb9d7a6d7aa5bf5718b0b48c38ebeb16529726a1c1
        codeSamplesNamespace: gusto-embedded-oas-code-samples
        codeSamplesRevisionDigest: sha256:a4bb61dc18eb518bd1aa618bfcd967223abc6f5036cef45566ddebe225a7fe9c
workflow:
    workflowVersion: 1.0.0
    speakeasyVersion: 1.513.4
    sources:
        GustoEmbedded-OAS:
            inputs:
                - location: https://raw.githubusercontent.com/Gusto/Gusto-Partner-API/refs/heads/main/generated/embedded/api.v2024-04-01.embedded.yaml
                  authHeader: Authorization
                  authSecret: $openapi_doc_auth_token
            overlays:
                - location: https://raw.githubusercontent.com/Gusto/Gusto-Partner-API/refs/heads/main/.speakeasy/speakeasy-modifications-overlay.yaml
                  authHeader: Authorization
                  authSecret: $openapi_doc_auth_token
            registry:
                location: registry.speakeasyapi.dev/gusto/ruby-sdk/gusto-embedded-oas
    targets:
        gusto-embedded:
            target: ruby
            source: GustoEmbedded-OAS
            output: ./gusto_embedded
            publish:
                rubygems:
                    token: $rubygems_auth_token
            codeSamples:
                registry:
                    location: registry.speakeasyapi.dev/gusto/ruby-sdk/gusto-embedded-oas-code-samples
                labelOverride:
                    fixedValue: Ruby (SDK)
                blocking: false
